{
    "hash": "8fbd13c9b79c0ee6d9ce5af1d6b167ba",
    "packages": [
        {
            "package": "symfony/finder",
            "version": "dev-master",
            "alias-pretty-version": "2.1.x-dev",
            "alias-version": "2.1.9999999.9999999-dev"
        },
        {
            "package": "symfony/finder",
            "version": "dev-master",
            "alias-pretty-version": "2.1.x-dev",
            "alias-version": "2.1.9999999.9999999-dev"
        },
        {
            "package": "symfony/finder",
            "version": "dev-master",
            "source-reference": "9ee9a907afeef52956187e862714a7702ca26590"
        },
        {
            "package": "vlucas/Spot",
            "version": "dev-master",
            "source-reference": "4668589011f8d73a1167433154d6f8e47f4f30c5"
        },
        {
            "package": "vlucas/bullet",
            "version": "dev-master",
            "source-reference": "5a65a920c90aa4aaa3032e6f8e150e4947f60abe"
        }
    ],
    "packages-dev": null,
    "aliases": [

    ],
    "minimum-stability": "dev",
    "stability-flags": [

    ]
}
